
Microsoft Visual Studio Solution File, Format Version 12.00
# Visual Studio Version 16
VisualStudioVersion = 16.0.29424.173
MinimumVisualStudioVersion = 15.0.26124.0
Project("{9A19103F-16F7-4668-BE54-9A1E7A4F7556}") = "Def", "Def\Def.csproj", "{D2F08D6C-CBCF-43DC-B9EB-53C379DAFCEF}"
EndProject
Project("{FAE04EC0-301F-11D3-BF4B-00C04F79EFBC}") = "Def.Test", "Def.Test\Def.Test.csproj", "{AB565FFA-6A14-47C0-9025-6BE83597B657}"
EndProject
Project("{2150E333-8FDC-42A3-9474-1A3956D46DE8}") = "Solution Items", "Solution Items", "{932F2426-027C-4FC2-AF50-46FED9C9FBDB}"
	ProjectSection(SolutionItems) = preProject
		LICENSE.md = LICENSE.md
	EndProjectSection
EndProject
Global
	GlobalSection(SolutionConfigurationPlatforms) = preSolution
		Debug|Any CPU = Debug|Any CPU
		Debug|x64 = Debug|x64
		Debug|x86 = Debug|x86
		Release|Any CPU = Release|Any CPU
		Release|x64 = Release|x64
		Release|x86 = Release|x86
	EndGlobalSection
	GlobalSection(ProjectConfigurationPlatforms) = postSolution
		{D2F08D6C-CBCF-43DC-B9EB-53C379DAFCEF}.Debug|Any CPU.ActiveCfg = Debug|Any CPU
		{D2F08D6C-CBCF-43DC-B9EB-53C379DAFCEF}.Debug|Any CPU.Build.0 = Debug|Any CPU
		{D2F08D6C-CBCF-43DC-B9EB-53C379DAFCEF}.Debug|x64.ActiveCfg = Debug|Any CPU
		{D2F08D6C-CBCF-43DC-B9EB-53C379DAFCEF}.Debug|x64.Build.0 = Debug|Any CPU
		{D2F08D6C-CBCF-43DC-B9EB-53C379DAFCEF}.Debug|x86.ActiveCfg = Debug|Any CPU
		{D2F08D6C-CBCF-43DC-B9EB-53C379DAFCEF}.Debug|x86.Build.0 = Debug|Any CPU
		{D2F08D6C-CBCF-43DC-B9EB-53C379DAFCEF}.Release|Any CPU.ActiveCfg = Release|Any CPU
		{D2F08D6C-CBCF-43DC-B9EB-53C379DAFCEF}.Release|Any CPU.Build.0 = Release|Any CPU
		{D2F08D6C-CBCF-43DC-B9EB-53C379DAFCEF}.Release|x64.ActiveCfg = Release|Any CPU
		{D2F08D6C-CBCF-43DC-B9EB-53C379DAFCEF}.Release|x64.Build.0 = Release|Any CPU
		{D2F08D6C-CBCF-43DC-B9EB-53C379DAFCEF}.Release|x86.ActiveCfg = Release|Any CPU
		{D2F08D6C-CBCF-43DC-B9EB-53C379DAFCEF}.Release|x86.Build.0 = Release|Any CPU
		{AB565FFA-6A14-47C0-9025-6BE83597B657}.Debug|Any CPU.ActiveCfg = Debug|Any CPU
		{AB565FFA-6A14-47C0-9025-6BE83597B657}.Debug|Any CPU.Build.0 = Debug|Any CPU
		{AB565FFA-6A14-47C0-9025-6BE83597B657}.Debug|x64.ActiveCfg = Debug|Any CPU
		{AB565FFA-6A14-47C0-9025-6BE83597B657}.Debug|x64.Build.0 = Debug|Any CPU
		{AB565FFA-6A14-47C0-9025-6BE83597B657}.Debug|x86.ActiveCfg = Debug|Any CPU
		{AB565FFA-6A14-47C0-9025-6BE83597B657}.Debug|x86.Build.0 = Debug|Any CPU
		{AB565FFA-6A14-47C0-9025-6BE83597B657}.Release|Any CPU.ActiveCfg = Release|Any CPU
		{AB565FFA-6A14-47C0-9025-6BE83597B657}.Release|Any CPU.Build.0 = Release|Any CPU
		{AB565FFA-6A14-47C0-9025-6BE83597B657}.Release|x64.ActiveCfg = Release|Any CPU
		{AB565FFA-6A14-47C0-9025-6BE83597B657}.Release|x64.Build.0 = Release|Any CPU
		{AB565FFA-6A14-47C0-9025-6BE83597B657}.Release|x86.ActiveCfg = Release|Any CPU
		{AB565FFA-6A14-47C0-9025-6BE83597B657}.Release|x86.Build.0 = Release|Any CPU
	EndGlobalSection
	GlobalSection(SolutionProperties) = preSolution
		HideSolutionNode = FALSE
	EndGlobalSection
	GlobalSection(ExtensibilityGlobals) = postSolution
		SolutionGuid = {C35C1967-F036-4457-9683-C2C315C83428}
	EndGlobalSection
EndGlobal
